// !$*UTF8*$!
{
	archiveVersion = 1;
	classes = {
	};
	objectVersion = 48;
	objects = {

/* Begin PBXBuildFile section */
		31E877381CD3E7254D8BD622 /* Pods_ClassicMovies.framework in Frameworks */ = {isa = PBXBuildFile; fileRef = C1FD69BF3CD244281BBDC795 /* Pods_ClassicMovies.framework */; };
		65AD2AFB200220E300567F60 /* AppDelegate.swift in Sources */ = {isa = PBXBuildFile; fileRef = 65AD2AFA200220E300567F60 /* AppDelegate.swift */; };
		65AD2B00200220E300567F60 /* Main.storyboard in Resources */ = {isa = PBXBuildFile; fileRef = 65AD2AFE200220E300567F60 /* Main.storyboard */; };
		65AD2B03200220E300567F60 /* ClassicMovies.xcdatamodeld in Sources */ = {isa = PBXBuildFile; fileRef = 65AD2B01200220E300567F60 /* ClassicMovies.xcdatamodeld */; };
		65AD2B05200220E300567F60 /* Assets.xcassets in Resources */ = {isa = PBXBuildFile; fileRef = 65AD2B04200220E300567F60 /* Assets.xcassets */; };
		65AD2B08200220E300567F60 /* LaunchScreen.storyboard in Resources */ = {isa = PBXBuildFile; fileRef = 65AD2B06200220E300567F60 /* LaunchScreen.storyboard */; };
		65AD2B102002241900567F60 /* MoviesFeedViewController.swift in Sources */ = {isa = PBXBuildFile; fileRef = 65AD2B0F2002241900567F60 /* MoviesFeedViewController.swift */; };
		65BBD7B1200265CE00BDB8B8 /* CMMovie.swift in Sources */ = {isa = PBXBuildFile; fileRef = 65BBD7B0200265CE00BDB8B8 /* CMMovie.swift */; };
		65BBD7B42002673300BDB8B8 /* MovieFeedOperation.swift in Sources */ = {isa = PBXBuildFile; fileRef = 65BBD7B32002673300BDB8B8 /* MovieFeedOperation.swift */; };
		65BBD7B82002678400BDB8B8 /* BaseOperation.swift in Sources */ = {isa = PBXBuildFile; fileRef = 65BBD7B72002678400BDB8B8 /* BaseOperation.swift */; };
		65BBD7BA2002B82200BDB8B8 /* MovieFeedOperationProtocol.swift in Sources */ = {isa = PBXBuildFile; fileRef = 65BBD7B92002B82200BDB8B8 /* MovieFeedOperationProtocol.swift */; };
		65BBD7BF2002B8BC00BDB8B8 /* Constants.swift in Sources */ = {isa = PBXBuildFile; fileRef = 65BBD7BE2002B8BC00BDB8B8 /* Constants.swift */; };
		65CC47192004BA730028B50F /* CMFeed.swift in Sources */ = {isa = PBXBuildFile; fileRef = 65CC47182004BA730028B50F /* CMFeed.swift */; };
		65D38ADD200B637600186DBB /* MovieThumbnailHeaderView.swift in Sources */ = {isa = PBXBuildFile; fileRef = 65D38ADC200B637600186DBB /* MovieThumbnailHeaderView.swift */; };
		65D38ADF200B638200186DBB /* MovieThumbnailHeaderView.xib in Resources */ = {isa = PBXBuildFile; fileRef = 65D38ADE200B638200186DBB /* MovieThumbnailHeaderView.xib */; };
		65D38AE2200B82A100186DBB /* TitleDescTableViewCell.swift in Sources */ = {isa = PBXBuildFile; fileRef = 65D38AE0200B82A100186DBB /* TitleDescTableViewCell.swift */; };
		65D38AE3200B82A100186DBB /* TitleDescTableViewCell.xib in Resources */ = {isa = PBXBuildFile; fileRef = 65D38AE1200B82A100186DBB /* TitleDescTableViewCell.xib */; };
		65D38AE6200B82BA00186DBB /* DescriptionTableViewCell.swift in Sources */ = {isa = PBXBuildFile; fileRef = 65D38AE4200B82BA00186DBB /* DescriptionTableViewCell.swift */; };
		65D38AE7200B82BA00186DBB /* DescriptionTableViewCell.xib in Resources */ = {isa = PBXBuildFile; fileRef = 65D38AE5200B82BA00186DBB /* DescriptionTableViewCell.xib */; };
/* End PBXBuildFile section */

/* Begin PBXFileReference section */
		24C7B9BB2CDACD166E3E673E /* Pods-ClassicMovies.release.xcconfig */ = {isa = PBXFileReference; includeInIndex = 1; lastKnownFileType = text.xcconfig; name = "Pods-ClassicMovies.release.xcconfig"; path = "Pods/Target Support Files/Pods-ClassicMovies/Pods-ClassicMovies.release.xcconfig"; sourceTree = "<group>"; };
		6526DA7120022ACD003AB8C3 /* Bridging-header.h */ = {isa = PBXFileReference; lastKnownFileType = sourcecode.c.h; path = "Bridging-header.h"; sourceTree = "<group>"; };
		65502CE82004C97300A03C07 /* ClassicMovies 2.xcdatamodel */ = {isa = PBXFileReference; lastKnownFileType = wrapper.xcdatamodel; path = "ClassicMovies 2.xcdatamodel"; sourceTree = "<group>"; };
		65AD2AF7200220E300567F60 /* ClassicMovies.app */ = {isa = PBXFileReference; explicitFileType = wrapper.application; includeInIndex = 0; path = ClassicMovies.app; sourceTree = BUILT_PRODUCTS_DIR; };
		65AD2AFA200220E300567F60 /* AppDelegate.swift */ = {isa = PBXFileReference; lastKnownFileType = sourcecode.swift; path = AppDelegate.swift; sourceTree = "<group>"; };
		65AD2AFF200220E300567F60 /* Base */ = {isa = PBXFileReference; lastKnownFileType = file.storyboard; name = Base; path = Base.lproj/Main.storyboard; sourceTree = "<group>"; };
		65AD2B02200220E300567F60 /* ClassicMovies.xcdatamodel */ = {isa = PBXFileReference; lastKnownFileType = wrapper.xcdatamodel; path = ClassicMovies.xcdatamodel; sourceTree = "<group>"; };
		65AD2B04200220E300567F60 /* Assets.xcassets */ = {isa = PBXFileReference; lastKnownFileType = folder.assetcatalog; path = Assets.xcassets; sourceTree = "<group>"; };
		65AD2B07200220E300567F60 /* Base */ = {isa = PBXFileReference; lastKnownFileType = file.storyboard; name = Base; path = Base.lproj/LaunchScreen.storyboard; sourceTree = "<group>"; };
		65AD2B09200220E300567F60 /* Info.plist */ = {isa = PBXFileReference; lastKnownFileType = text.plist.xml; path = Info.plist; sourceTree = "<group>"; };
		65AD2B0F2002241900567F60 /* MoviesFeedViewController.swift */ = {isa = PBXFileReference; lastKnownFileType = sourcecode.swift; path = MoviesFeedViewController.swift; sourceTree = "<group>"; };
		65BBD7B0200265CE00BDB8B8 /* CMMovie.swift */ = {isa = PBXFileReference; lastKnownFileType = sourcecode.swift; path = CMMovie.swift; sourceTree = "<group>"; };
		65BBD7B32002673300BDB8B8 /* MovieFeedOperation.swift */ = {isa = PBXFileReference; lastKnownFileType = sourcecode.swift; path = MovieFeedOperation.swift; sourceTree = "<group>"; };
		65BBD7B72002678400BDB8B8 /* BaseOperation.swift */ = {isa = PBXFileReference; lastKnownFileType = sourcecode.swift; path = BaseOperation.swift; sourceTree = "<group>"; };
		65BBD7B92002B82200BDB8B8 /* MovieFeedOperationProtocol.swift */ = {isa = PBXFileReference; lastKnownFileType = sourcecode.swift; path = MovieFeedOperationProtocol.swift; sourceTree = "<group>"; };
		65BBD7BE2002B8BC00BDB8B8 /* Constants.swift */ = {isa = PBXFileReference; lastKnownFileType = sourcecode.swift; path = Constants.swift; sourceTree = "<group>"; };
		65CC47182004BA730028B50F /* CMFeed.swift */ = {isa = PBXFileReference; lastKnownFileType = sourcecode.swift; path = CMFeed.swift; sourceTree = "<group>"; };
		65D38ADC200B637600186DBB /* MovieThumbnailHeaderView.swift */ = {isa = PBXFileReference; lastKnownFileType = sourcecode.swift; path = MovieThumbnailHeaderView.swift; sourceTree = "<group>"; };
		65D38ADE200B638200186DBB /* MovieThumbnailHeaderView.xib */ = {isa = PBXFileReference; lastKnownFileType = file.xib; path = MovieThumbnailHeaderView.xib; sourceTree = "<group>"; };
		65D38AE0200B82A100186DBB /* TitleDescTableViewCell.swift */ = {isa = PBXFileReference; lastKnownFileType = sourcecode.swift; path = TitleDescTableViewCell.swift; sourceTree = "<group>"; };
		65D38AE1200B82A100186DBB /* TitleDescTableViewCell.xib */ = {isa = PBXFileReference; lastKnownFileType = file.xib; path = TitleDescTableViewCell.xib; sourceTree = "<group>"; };
		65D38AE4200B82BA00186DBB /* DescriptionTableViewCell.swift */ = {isa = PBXFileReference; lastKnownFileType = sourcecode.swift; path = DescriptionTableViewCell.swift; sourceTree = "<group>"; };
		65D38AE5200B82BA00186DBB /* DescriptionTableViewCell.xib */ = {isa = PBXFileReference; lastKnownFileType = file.xib; path = DescriptionTableViewCell.xib; sourceTree = "<group>"; };
		78BEF6A308E7746DBE42AED9 /* Pods-ClassicMovies.debug.xcconfig */ = {isa = PBXFileReference; includeInIndex = 1; lastKnownFileType = text.xcconfig; name = "Pods-ClassicMovies.debug.xcconfig"; path = "Pods/Target Support Files/Pods-ClassicMovies/Pods-ClassicMovies.debug.xcconfig"; sourceTree = "<group>"; };
		C1FD69BF3CD244281BBDC795 /* Pods_ClassicMovies.framework */ = {isa = PBXFileReference; explicitFileType = wrapper.framework; includeInIndex = 0; path = Pods_ClassicMovies.framework; sourceTree = BUILT_PRODUCTS_DIR; };
/* End PBXFileReference section */

/* Begin PBXFrameworksBuildPhase section */
		65AD2AF4200220E300567F60 /* Frameworks */ = {
			isa = PBXFrameworksBuildPhase;
			buildActionMask = 2147483647;
			files = (
				31E877381CD3E7254D8BD622 /* Pods_ClassicMovies.framework in Frameworks */,
			);
			runOnlyForDeploymentPostprocessing = 0;
		};
/* End PBXFrameworksBuildPhase section */

/* Begin PBXGroup section */
		65AD2AEE200220E300567F60 = {
			isa = PBXGroup;
			children = (
				65AD2AF9200220E300567F60 /* ClassicMovies */,
				65AD2AF8200220E300567F60 /* Products */,
				D0917F639517BC0EE92B6634 /* Pods */,
				B859E4E2A57DBA48252F5F44 /* Frameworks */,
			);
			sourceTree = "<group>";
		};
		65AD2AF8200220E300567F60 /* Products */ = {
			isa = PBXGroup;
			children = (
				65AD2AF7200220E300567F60 /* ClassicMovies.app */,
			);
			name = Products;
			sourceTree = "<group>";
		};
		65AD2AF9200220E300567F60 /* ClassicMovies */ = {
			isa = PBXGroup;
			children = (
				65BBD7BD2002B8AC00BDB8B8 /* Constants */,
				65BBD7B22002670300BDB8B8 /* NetworkLayer */,
				65BBD7AF2002653900BDB8B8 /* Controller */,
				65BBD7AE2002651700BDB8B8 /* View */,
				65BBD7AD2002650600BDB8B8 /* Model */,
				65AD2AFA200220E300567F60 /* AppDelegate.swift */,
				65AD2AFE200220E300567F60 /* Main.storyboard */,
				65AD2B04200220E300567F60 /* Assets.xcassets */,
				65AD2B06200220E300567F60 /* LaunchScreen.storyboard */,
				65AD2B09200220E300567F60 /* Info.plist */,
				65AD2B01200220E300567F60 /* ClassicMovies.xcdatamodeld */,
				6526DA7120022ACD003AB8C3 /* Bridging-header.h */,
			);
			path = ClassicMovies;
			sourceTree = "<group>";
		};
		65BBD7AD2002650600BDB8B8 /* Model */ = {
			isa = PBXGroup;
			children = (
				65BBD7B0200265CE00BDB8B8 /* CMMovie.swift */,
				65CC47182004BA730028B50F /* CMFeed.swift */,
			);
			path = Model;
			sourceTree = "<group>";
		};
		65BBD7AE2002651700BDB8B8 /* View */ = {
			isa = PBXGroup;
			children = (
				65D38ADC200B637600186DBB /* MovieThumbnailHeaderView.swift */,
				65D38ADE200B638200186DBB /* MovieThumbnailHeaderView.xib */,
				65D38AE0200B82A100186DBB /* TitleDescTableViewCell.swift */,
				65D38AE1200B82A100186DBB /* TitleDescTableViewCell.xib */,
				65D38AE4200B82BA00186DBB /* DescriptionTableViewCell.swift */,
				65D38AE5200B82BA00186DBB /* DescriptionTableViewCell.xib */,
			);
			path = View;
			sourceTree = "<group>";
		};
		65BBD7AF2002653900BDB8B8 /* Controller */ = {
			isa = PBXGroup;
			children = (
				65AD2B0F2002241900567F60 /* MoviesFeedViewController.swift */,
			);
			path = Controller;
			sourceTree = "<group>";
		};
		65BBD7B22002670300BDB8B8 /* NetworkLayer */ = {
			isa = PBXGroup;
			children = (
				65BBD7B72002678400BDB8B8 /* BaseOperation.swift */,
				65BBD7B92002B82200BDB8B8 /* MovieFeedOperationProtocol.swift */,
				65BBD7B32002673300BDB8B8 /* MovieFeedOperation.swift */,
			);
			path = NetworkLayer;
			sourceTree = "<group>";
		};
		65BBD7BD2002B8AC00BDB8B8 /* Constants */ = {
			isa = PBXGroup;
			children = (
				65BBD7BE2002B8BC00BDB8B8 /* Constants.swift */,
			);
			path = Constants;
			sourceTree = "<group>";
		};
		B859E4E2A57DBA48252F5F44 /* Frameworks */ = {
			isa = PBXGroup;
			children = (
				C1FD69BF3CD244281BBDC795 /* Pods_ClassicMovies.framework */,
			);
			name = Frameworks;
			sourceTree = "<group>";
		};
		D0917F639517BC0EE92B6634 /* Pods */ = {
			isa = PBXGroup;
			children = (
				78BEF6A308E7746DBE42AED9 /* Pods-ClassicMovies.debug.xcconfig */,
				24C7B9BB2CDACD166E3E673E /* Pods-ClassicMovies.release.xcconfig */,
			);
			name = Pods;
			sourceTree = "<group>";
		};
/* End PBXGroup section */

/* Begin PBXNativeTarget section */
		65AD2AF6200220E300567F60 /* ClassicMovies */ = {
			isa = PBXNativeTarget;
			buildConfigurationList = 65AD2B0C200220E300567F60 /* Build configuration list for PBXNativeTarget "ClassicMovies" */;
			buildPhases = (
				25F799BB16356E1FBED7A3AC /* [CP] Check Pods Manifest.lock */,
				65AD2AF3200220E300567F60 /* Sources */,
				65AD2AF4200220E300567F60 /* Frameworks */,
				65AD2AF5200220E300567F60 /* Resources */,
				ED75FBCA1B3A8A0D2EB99389 /* [CP] Embed Pods Frameworks */,
				442BBB28BAF97584D92F5349 /* [CP] Copy Pods Resources */,
			);
			buildRules = (
			);
			dependencies = (
			);
			name = ClassicMovies;
			productName = ClassicMovies;
			productReference = 65AD2AF7200220E300567F60 /* ClassicMovies.app */;
			productType = "com.apple.product-type.application";
		};
/* End PBXNativeTarget section */

/* Begin PBXProject section */
		65AD2AEF200220E300567F60 /* Project object */ = {
			isa = PBXProject;
			attributes = {
				LastSwiftUpdateCheck = 0910;
				LastUpgradeCheck = 0910;
				ORGANIZATIONNAME = "Adithya Reddy";
				TargetAttributes = {
					65AD2AF6200220E300567F60 = {
						CreatedOnToolsVersion = 9.1;
						ProvisioningStyle = Automatic;
					};
				};
			};
			buildConfigurationList = 65AD2AF2200220E300567F60 /* Build configuration list for PBXProject "ClassicMovies" */;
			compatibilityVersion = "Xcode 8.0";
			developmentRegion = en;
			hasScannedForEncodings = 0;
			knownRegions = (
				en,
				Base,
			);
			mainGroup = 65AD2AEE200220E300567F60;
			productRefGroup = 65AD2AF8200220E300567F60 /* Products */;
			projectDirPath = "";
			projectRoot = "";
			targets = (
				65AD2AF6200220E300567F60 /* ClassicMovies */,
			);
		};
/* End PBXProject section */

/* Begin PBXResourcesBuildPhase section */
		65AD2AF5200220E300567F60 /* Resources */ = {
			isa = PBXResourcesBuildPhase;
			buildActionMask = 2147483647;
			files = (
				65D38ADF200B638200186DBB /* MovieThumbnailHeaderView.xib in Resources */,
				65AD2B08200220E300567F60 /* LaunchScreen.storyboard in Resources */,
				65D38AE7200B82BA00186DBB /* DescriptionTableViewCell.xib in Resources */,
				65D38AE3200B82A100186DBB /* TitleDescTableViewCell.xib in Resources */,
				65AD2B05200220E300567F60 /* Assets.xcassets in Resources */,
				65AD2B00200220E300567F60 /* Main.storyboard in Resources */,
			);
			runOnlyForDeploymentPostprocessing = 0;
		};
/* End PBXResourcesBuildPhase section */

/* Begin PBXShellScriptBuildPhase section */
		25F799BB16356E1FBED7A3AC /* [CP] Check Pods Manifest.lock */ = {
			isa = PBXShellScriptBuildPhase;
			buildActionMask = 2147483647;
			files = (
			);
			inputPaths = (
			);
			name = "[CP] Check Pods Manifest.lock";
			outputPaths = (
			);
			runOnlyForDeploymentPostprocessing = 0;
			shellPath = /bin/sh;
			shellScript = "diff \"${PODS_PODFILE_DIR_PATH}/Podfile.lock\" \"${PODS_ROOT}/Manifest.lock\" > /dev/null\nif [ $? != 0 ] ; then\n    # print error to STDERR\n    echo \"error: The sandbox is not in sync with the Podfile.lock. Run 'pod install' or update your CocoaPods installation.\" >&2\n    exit 1\nfi\n";
			showEnvVarsInLog = 0;
		};
		442BBB28BAF97584D92F5349 /* [CP] Copy Pods Resources */ = {
			isa = PBXShellScriptBuildPhase;
			buildActionMask = 2147483647;
			files = (
			);
			inputPaths = (
			);
			name = "[CP] Copy Pods Resources";
			outputPaths = (
			);
			runOnlyForDeploymentPostprocessing = 0;
			shellPath = /bin/sh;
			shellScript = "\"${SRCROOT}/Pods/Target Support Files/Pods-ClassicMovies/Pods-ClassicMovies-resources.sh\"\n";
			showEnvVarsInLog = 0;
		};
		ED75FBCA1B3A8A0D2EB99389 /* [CP] Embed Pods Frameworks */ = {
			isa = PBXShellScriptBuildPhase;
			buildActionMask = 2147483647;
			files = (
			);
			inputPaths = (
			);
			name = "[CP] Embed Pods Frameworks";
			outputPaths = (
			);
			runOnlyForDeploymentPostprocessing = 0;
			shellPath = /bin/sh;
			shellScript = "\"${SRCROOT}/Pods/Target Support Files/Pods-ClassicMovies/Pods-ClassicMovies-frameworks.sh\"\n";
			showEnvVarsInLog = 0;
		};
/* End PBXShellScriptBuildPhase section */

/* Begin PBXSourcesBuildPhase section */
		65AD2AF3200220E300567F60 /* Sources */ = {
			isa = PBXSourcesBuildPhase;
			buildActionMask = 2147483647;
			files = (
				65BBD7B1200265CE00BDB8B8 /* CMMovie.swift in Sources */,
				65AD2AFB200220E300567F60 /* AppDelegate.swift in Sources */,
				65BBD7BA2002B82200BDB8B8 /* MovieFeedOperationProtocol.swift in Sources */,
				65D38AE2200B82A100186DBB /* TitleDescTableViewCell.swift in Sources */,
				65D38AE6200B82BA00186DBB /* DescriptionTableViewCell.swift in Sources */,
				65BBD7B82002678400BDB8B8 /* BaseOperation.swift in Sources */,
				65CC47192004BA730028B50F /* CMFeed.swift in Sources */,
				65AD2B03200220E300567F60 /* ClassicMovies.xcdatamodeld in Sources */,
				65BBD7B42002673300BDB8B8 /* MovieFeedOperation.swift in Sources */,
				65BBD7BF2002B8BC00BDB8B8 /* Constants.swift in Sources */,
				65AD2B102002241900567F60 /* MoviesFeedViewController.swift in Sources */,
				65D38ADD200B637600186DBB /* MovieThumbnailHeaderView.swift in Sources */,
			);
			runOnlyForDeploymentPostprocessing = 0;
		};
/* End PBXSourcesBuildPhase section */

/* Begin PBXVariantGroup section */
		65AD2AFE200220E300567F60 /* Main.storyboard */ = {
			isa = PBXVariantGroup;
			children = (
				65AD2AFF200220E300567F60 /* Base */,
			);
			name = Main.storyboard;
			sourceTree = "<group>";
		};
		65AD2B06200220E300567F60 /* LaunchScreen.storyboard */ = {
			isa = PBXVariantGroup;
			children = (
				65AD2B07200220E300567F60 /* Base */,
			);
			name = LaunchScreen.storyboard;
			sourceTree = "<group>";
		};
/* End PBXVariantGroup section */

/* Begin XCBuildConfiguration section */
		65AD2B0A200220E300567F60 /* Debug */ = {
			isa = XCBuildConfiguration;
			buildSettings = {
				ALWAYS_SEARCH_USER_PATHS = NO;
				CLANG_ANALYZER_NONNULL = YES;
				CLANG_ANALYZER_NUMBER_OBJECT_CONVERSION = YES_AGGRESSIVE;
				CLANG_CXX_LANGUAGE_STANDARD = "gnu++14";
				CLANG_CXX_LIBRARY = "libc++";
				CLANG_ENABLE_MODULES = YES;
				CLANG_ENABLE_OBJC_ARC = YES;
				CLANG_WARN_BLOCK_CAPTURE_AUTORELEASING = YES;
				CLANG_WARN_BOOL_CONVERSION = YES;
				CLANG_WARN_COMMA = YES;
				CLANG_WARN_CONSTANT_CONVERSION = YES;
				CLANG_WARN_DIRECT_OBJC_ISA_USAGE = YES_ERROR;
				CLANG_WARN_DOCUMENTATION_COMMENTS = YES;
				CLANG_WARN_EMPTY_BODY = YES;
				CLANG_WARN_ENUM_CONVERSION = YES;
				CLANG_WARN_INFINITE_RECURSION = YES;
				CLANG_WARN_INT_CONVERSION = YES;
				CLANG_WARN_NON_LITERAL_NULL_CONVERSION = YES;
				CLANG_WARN_OBJC_LITERAL_CONVERSION = YES;
				CLANG_WARN_OBJC_ROOT_CLASS = YES_ERROR;
				CLANG_WARN_RANGE_LOOP_ANALYSIS = YES;
				CLANG_WARN_STRICT_PROTOTYPES = YES;
				CLANG_WARN_SUSPICIOUS_MOVE = YES;
				CLANG_WARN_UNGUARDED_AVAILABILITY = YES_AGGRESSIVE;
				CLANG_WARN_UNREACHABLE_CODE = YES;
				CLANG_WARN__DUPLICATE_METHOD_MATCH = YES;
				CODE_SIGN_IDENTITY = "iPhone Developer";
				COPY_PHASE_STRIP = NO;
				DEBUG_INFORMATION_FORMAT = dwarf;
				ENABLE_STRICT_OBJC_MSGSEND = YES;
				ENABLE_TESTABILITY = YES;
				GCC_C_LANGUAGE_STANDARD = gnu11;
				GCC_DYNAMIC_NO_PIC = NO;
				GCC_NO_COMMON_BLOCKS = YES;
				GCC_OPTIMIZATION_LEVEL = 0;
				GCC_PREPROCESSOR_DEFINITIONS = (
					"DEBUG=1",
					"$(inherited)",
				);
				GCC_WARN_64_TO_32_BIT_CONVERSION = YES;
				GCC_WARN_ABOUT_RETURN_TYPE = YES_ERROR;
				GCC_WARN_UNDECLARED_SELECTOR = YES;
				GCC_WARN_UNINITIALIZED_AUTOS = YES_AGGRESSIVE;
				GCC_WARN_UNUSED_FUNCTION = YES;
				GCC_WARN_UNUSED_VARIABLE = YES;
				IPHONEOS_DEPLOYMENT_TARGET = 11.1;
				MTL_ENABLE_DEBUG_INFO = YES;
				ONLY_ACTIVE_ARCH = YES;
				SDKROOT = iphoneos;
				SWIFT_ACTIVE_COMPILATION_CONDITIONS = DEBUG;
				SWIFT_OPTIMIZATION_LEVEL = "-Onone";
			};
			name = Debug;
		};
		65AD2B0B200220E300567F60 /* Release */ = {
			isa = XCBuildConfiguration;
			buildSettings = {
				ALWAYS_SEARCH_USER_PATHS = NO;
				CLANG_ANALYZER_NONNULL = YES;
				CLANG_ANALYZER_NUMBER_OBJECT_CONVERSION = YES_AGGRESSIVE;
				CLANG_CXX_LANGUAGE_STANDARD = "gnu++14";
				CLANG_CXX_LIBRARY = "libc++";
				CLANG_ENABLE_MODULES = YES;
				CLANG_ENABLE_OBJC_ARC = YES;
				CLANG_WARN_BLOCK_CAPTURE_AUTORELEASING = YES;
				CLANG_WARN_BOOL_CONVERSION = YES;
				CLANG_WARN_COMMA = YES;
				CLANG_WARN_CONSTANT_CONVERSION = YES;
				CLANG_WARN_DIRECT_OBJC_ISA_USAGE = YES_ERROR;
				CLANG_WARN_DOCUMENTATION_COMMENTS = YES;
				CLANG_WARN_EMPTY_BODY = YES;
				CLANG_WARN_ENUM_CONVERSION = YES;
				CLANG_WARN_INFINITE_RECURSION = YES;
				CLANG_WARN_INT_CONVERSION = YES;
				CLANG_WARN_NON_LITERAL_NULL_CONVERSION = YES;
				CLANG_WARN_OBJC_LITERAL_CONVERSION = YES;
				CLANG_WARN_OBJC_ROOT_CLASS = YES_ERROR;
				CLANG_WARN_RANGE_LOOP_ANALYSIS = YES;
				CLANG_WARN_STRICT_PROTOTYPES = YES;
				CLANG_WARN_SUSPICIOUS_MOVE = YES;
				CLANG_WARN_UNGUARDED_AVAILABILITY = YES_AGGRESSIVE;
				CLANG_WARN_UNREACHABLE_CODE = YES;
				CLANG_WARN__DUPLICATE_METHOD_MATCH = YES;
				CODE_SIGN_IDENTITY = "iPhone Developer";
				COPY_PHASE_STRIP = NO;
				DEBUG_INFORMATION_FORMAT = "dwarf-with-dsym";
				ENABLE_NS_ASSERTIONS = NO;
				ENABLE_STRICT_OBJC_MSGSEND = YES;
				GCC_C_LANGUAGE_STANDARD = gnu11;
				GCC_NO_COMMON_BLOCKS = YES;
				GCC_WARN_64_TO_32_BIT_CONVERSION = YES;
				GCC_WARN_ABOUT_RETURN_TYPE = YES_ERROR;
				GCC_WARN_UNDECLARED_SELECTOR = YES;
				GCC_WARN_UNINITIALIZED_AUTOS = YES_AGGRESSIVE;
				GCC_WARN_UNUSED_FUNCTION = YES;
				GCC_WARN_UNUSED_VARIABLE = YES;
				IPHONEOS_DEPLOYMENT_TARGET = 11.1;
				MTL_ENABLE_DEBUG_INFO = NO;
				SDKROOT = iphoneos;
				SWIFT_OPTIMIZATION_LEVEL = "-Owholemodule";
				VALIDATE_PRODUCT = YES;
			};
			name = Release;
		};
		65AD2B0D200220E300567F60 /* Debug */ = {
			isa = XCBuildConfiguration;
			baseConfigurationReference = 78BEF6A308E7746DBE42AED9 /* Pods-ClassicMovies.debug.xcconfig */;
			buildSettings = {
				ASSETCATALOG_COMPILER_APPICON_NAME = AppIcon;
				CODE_SIGN_STYLE = Automatic;
				DEVELOPMENT_TEAM = 55SADH7J8W;
				INFOPLIST_FILE = ClassicMovies/Info.plist;
				IPHONEOS_DEPLOYMENT_TARGET = 10.0;
				LD_RUNPATH_SEARCH_PATHS = "$(inherited) @executable_path/Frameworks";
				PRODUCT_BUNDLE_IDENTIFIER = AdithyaReddy.ClassicMovies;
				PRODUCT_NAME = "$(TARGET_NAME)";
				SWIFT_OBJC_BRIDGING_HEADER = "ClassicMovies/Bridging-header.h";
				SWIFT_VERSION = 3.0;
				TARGETED_DEVICE_FAMILY = "1,2";
			};
			name = Debug;
		};
		65AD2B0E200220E300567F60 /* Release */ = {
			isa = XCBuildConfiguration;
			baseConfigurationReference = 24C7B9BB2CDACD166E3E673E /* Pods-ClassicMovies.release.xcconfig */;
			buildSettings = {
				ASSETCATALOG_COMPILER_APPICON_NAME = AppIcon;
				CODE_SIGN_STYLE = Automatic;
				DEVELOPMENT_TEAM = 55SADH7J8W;
				INFOPLIST_FILE = ClassicMovies/Info.plist;
				IPHONEOS_DEPLOYMENT_TARGET = 10.0;
				LD_RUNPATH_SEARCH_PATHS = "$(inherited) @executable_path/Frameworks";
				PRODUCT_BUNDLE_IDENTIFIER = AdithyaReddy.ClassicMovies;
				PRODUCT_NAME = "$(TARGET_NAME)";
				SWIFT_OBJC_BRIDGING_HEADER = "ClassicMovies/Bridging-header.h";
				SWIFT_VERSION = 3.0;
				TARGETED_DEVICE_FAMILY = "1,2";
			};
			name = Release;
		};
/* End XCBuildConfiguration section */

/* Begin XCConfigurationList section */
		65AD2AF2200220E300567F60 /* Build configuration list for PBXProject "ClassicMovies" */ = {
			isa = XCConfigurationList;
			buildConfigurations = (
				65AD2B0A200220E300567F60 /* Debug */,
				65AD2B0B200220E300567F60 /* Release */,
			);
			defaultConfigurationIsVisible = 0;
			defaultConfigurationName = Release;
		};
		65AD2B0C200220E300567F60 /* Build configuration list for PBXNativeTarget "ClassicMovies" */ = {
			isa = XCConfigurationList;
			buildConfigurations = (
				65AD2B0D200220E300567F60 /* Debug */,
				65AD2B0E200220E300567F60 /* Release */,
			);
			defaultConfigurationIsVisible = 0;
			defaultConfigurationName = Release;
		};
/* End XCConfigurationList section */

/* Begin XCVersionGroup section */
		65AD2B01200220E300567F60 /* ClassicMovies.xcdatamodeld */ = {
			isa = XCVersionGroup;
			children = (
				65502CE82004C97300A03C07 /* ClassicMovies 2.xcdatamodel */,
				65AD2B02200220E300567F60 /* ClassicMovies.xcdatamodel */,
			);
			currentVersion = 65502CE82004C97300A03C07 /* ClassicMovies 2.xcdatamodel */;
			path = ClassicMovies.xcdatamodeld;
			sourceTree = "<group>";
			versionGroupType = wrapper.xcdatamodel;
		};
/* End XCVersionGroup section */
	};
	rootObject = 65AD2AEF200220E300567F60 /* Project object */;
}
