// !$*UTF8*$!
{
	archiveVersion = 1;
	classes = {
	};
	objectVersion = 48;
	objects = {

/* Begin PBXBuildFile section */
		65AD2AFB200220E300567F60 /* AppDelegate.swift in Sources */ = {isa = PBXBuildFile; fileRef = 65AD2AFA200220E300567F60 /* AppDelegate.swift */; };
		65AD2AFD200220E300567F60 /* ViewController.swift in Sources */ = {isa = PBXBuildFile; fileRef = 65AD2AFC200220E300567F60 /* ViewController.swift */; };
		65AD2B00200220E300567F60 /* Main.storyboard in Resources */ = {isa = PBXBuildFile; fileRef = 65AD2AFE200220E300567F60 /* Main.storyboard */; };
		65AD2B03200220E300567F60 /* ClassicMovies.xcdatamodeld in Sources */ = {isa = PBXBuildFile; fileRef = 65AD2B01200220E300567F60 /* ClassicMovies.xcdatamodeld */; };
		65AD2B05200220E300567F60 /* Assets.xcassets in Resources */ = {isa = PBXBuildFile; fileRef = 65AD2B04200220E300567F60 /* Assets.xcassets */; };
		65AD2B08200220E300567F60 /* LaunchScreen.storyboard in Resources */ = {isa = PBXBuildFile; fileRef = 65AD2B06200220E300567F60 /* LaunchScreen.storyboard */; };
/* End PBXBuildFile section */

/* Begin PBXFileReference section */
		65AD2AF7200220E300567F60 /* ClassicMovies.app */ = {isa = PBXFileReference; explicitFileType = wrapper.application; includeInIndex = 0; path = ClassicMovies.app; sourceTree = BUILT_PRODUCTS_DIR; };
		65AD2AFA200220E300567F60 /* AppDelegate.swift */ = {isa = PBXFileReference; lastKnownFileType = sourcecode.swift; path = AppDelegate.swift; sourceTree = "<group>"; };
		65AD2AFC200220E300567F60 /* ViewController.swift */ = {isa = PBXFileReference; lastKnownFileType = sourcecode.swift; path = ViewController.swift; sourceTree = "<group>"; };
		65AD2AFF200220E300567F60 /* Base */ = {isa = PBXFileReference; lastKnownFileType = file.storyboard; name = Base; path = Base.lproj/Main.storyboard; sourceTree = "<group>"; };
		65AD2B02200220E300567F60 /* ClassicMovies.xcdatamodel */ = {isa = PBXFileReference; lastKnownFileType = wrapper.xcdatamodel; path = ClassicMovies.xcdatamodel; sourceTree = "<group>"; };
		65AD2B04200220E300567F60 /* Assets.xcassets */ = {isa = PBXFileReference; lastKnownFileType = folder.assetcatalog; path = Assets.xcassets; sourceTree = "<group>"; };
		65AD2B07200220E300567F60 /* Base */ = {isa = PBXFileReference; lastKnownFileType = file.storyboard; name = Base; path = Base.lproj/LaunchScreen.storyboard; sourceTree = "<group>"; };
		65AD2B09200220E300567F60 /* Info.plist */ = {isa = PBXFileReference; lastKnownFileType = text.plist.xml; path = Info.plist; sourceTree = "<group>"; };
/* End PBXFileReference section */

/* Begin PBXFrameworksBuildPhase section */
		65AD2AF4200220E300567F60 /* Frameworks */ = {
			isa = PBXFrameworksBuildPhase;
			buildActionMask = 2147483647;
			files = (
			);
			runOnlyForDeploymentPostprocessing = 0;
		};
/* End PBXFrameworksBuildPhase section */

/* Begin PBXGroup section */
		65AD2AEE200220E300567F60 = {
			isa = PBXGroup;
			children = (
				65AD2AF9200220E300567F60 /* ClassicMovies */,
				65AD2AF8200220E300567F60 /* Products */,
			);
			sourceTree = "<group>";
		};
		65AD2AF8200220E300567F60 /* Products */ = {
			isa = PBXGroup;
			children = (
				65AD2AF7200220E300567F60 /* ClassicMovies.app */,
			);
			name = Products;
			sourceTree = "<group>";
		};
		65AD2AF9200220E300567F60 /* ClassicMovies */ = {
			isa = PBXGroup;
			children = (
				65AD2AFA200220E300567F60 /* AppDelegate.swift */,
				65AD2AFC200220E300567F60 /* ViewController.swift */,
				65AD2AFE200220E300567F60 /* Main.storyboard */,
				65AD2B04200220E300567F60 /* Assets.xcassets */,
				65AD2B06200220E300567F60 /* LaunchScreen.storyboard */,
				65AD2B09200220E300567F60 /* Info.plist */,
				65AD2B01200220E300567F60 /* ClassicMovies.xcdatamodeld */,
			);
			path = ClassicMovies;
			sourceTree = "<group>";
		};
/* End PBXGroup section */

/* Begin PBXNativeTarget section */
		65AD2AF6200220E300567F60 /* ClassicMovies */ = {
			isa = PBXNativeTarget;
			buildConfigurationList = 65AD2B0C200220E300567F60 /* Build configuration list for PBXNativeTarget "ClassicMovies" */;
			buildPhases = (
				65AD2AF3200220E300567F60 /* Sources */,
				65AD2AF4200220E300567F60 /* Frameworks */,
				65AD2AF5200220E300567F60 /* Resources */,
			);
			buildRules = (
			);
			dependencies = (
			);
			name = ClassicMovies;
			productName = ClassicMovies;
			productReference = 65AD2AF7200220E300567F60 /* ClassicMovies.app */;
			productType = "com.apple.product-type.application";
		};
/* End PBXNativeTarget section */

/* Begin PBXProject section */
		65AD2AEF200220E300567F60 /* Project object */ = {
			isa = PBXProject;
			attributes = {
				LastSwiftUpdateCheck = 0910;
				LastUpgradeCheck = 0910;
				ORGANIZATIONNAME = "Adithya Reddy";
				TargetAttributes = {
					65AD2AF6200220E300567F60 = {
						CreatedOnToolsVersion = 9.1;
						ProvisioningStyle = Automatic;
					};
				};
			};
			buildConfigurationList = 65AD2AF2200220E300567F60 /* Build configuration list for PBXProject "ClassicMovies" */;
			compatibilityVersion = "Xcode 8.0";
			developmentRegion = en;
			hasScannedForEncodings = 0;
			knownRegions = (
				en,
				Base,
			);
			mainGroup = 65AD2AEE200220E300567F60;
			productRefGroup = 65AD2AF8200220E300567F60 /* Products */;
			projectDirPath = "";
			projectRoot = "";
			targets = (
				65AD2AF6200220E300567F60 /* ClassicMovies */,
			);
		};
/* End PBXProject section */

/* Begin PBXResourcesBuildPhase section */
		65AD2AF5200220E300567F60 /* Resources */ = {
			isa = PBXResourcesBuildPhase;
			buildActionMask = 2147483647;
			files = (
				65AD2B08200220E300567F60 /* LaunchScreen.storyboard in Resources */,
				65AD2B05200220E300567F60 /* Assets.xcassets in Resources */,
				65AD2B00200220E300567F60 /* Main.storyboard in Resources */,
			);
			runOnlyForDeploymentPostprocessing = 0;
		};
/* End PBXResourcesBuildPhase section */

/* Begin PBXSourcesBuildPhase section */
		65AD2AF3200220E300567F60 /* Sources */ = {
			isa = PBXSourcesBuildPhase;
			buildActionMask = 2147483647;
			files = (
				65AD2AFD200220E300567F60 /* ViewController.swift in Sources */,
				65AD2AFB200220E300567F60 /* AppDelegate.swift in Sources */,
				65AD2B03200220E300567F60 /* ClassicMovies.xcdatamodeld in Sources */,
			);
			runOnlyForDeploymentPostprocessing = 0;
		};
/* End PBXSourcesBuildPhase section */

/* Begin PBXVariantGroup section */
		65AD2AFE200220E300567F60 /* Main.storyboard */ = {
			isa = PBXVariantGroup;
			children = (
				65AD2AFF200220E300567F60 /* Base */,
			);
			name = Main.storyboard;
			sourceTree = "<group>";
		};
		65AD2B06200220E300567F60 /* LaunchScreen.storyboard */ = {
			isa = PBXVariantGroup;
			children = (
				65AD2B07200220E300567F60 /* Base */,
			);
			name = LaunchScreen.storyboard;
			sourceTree = "<group>";
		};
/* End PBXVariantGroup section */

/* Begin XCBuildConfiguration section */
		65AD2B0A200220E300567F60 /* Debug */ = {
			isa = XCBuildConfiguration;
			buildSettings = {
				ALWAYS_SEARCH_USER_PATHS = NO;
				CLANG_ANALYZER_NONNULL = YES;
				CLANG_ANALYZER_NUMBER_OBJECT_CONVERSION = YES_AGGRESSIVE;
				CLANG_CXX_LANGUAGE_STANDARD = "gnu++14";
				CLANG_CXX_LIBRARY = "libc++";
				CLANG_ENABLE_MODULES = YES;
				CLANG_ENABLE_OBJC_ARC = YES;
				CLANG_WARN_BLOCK_CAPTURE_AUTORELEASING = YES;
				CLANG_WARN_BOOL_CONVERSION = YES;
				CLANG_WARN_COMMA = YES;
				CLANG_WARN_CONSTANT_CONVERSION = YES;
				CLANG_WARN_DIRECT_OBJC_ISA_USAGE = YES_ERROR;
				CLANG_WARN_DOCUMENTATION_COMMENTS = YES;
				CLANG_WARN_EMPTY_BODY = YES;
				CLANG_WARN_ENUM_CONVERSION = YES;
				CLANG_WARN_INFINITE_RECURSION = YES;
				CLANG_WARN_INT_CONVERSION = YES;
				CLANG_WARN_NON_LITERAL_NULL_CONVERSION = YES;
				CLANG_WARN_OBJC_LITERAL_CONVERSION = YES;
				CLANG_WARN_OBJC_ROOT_CLASS = YES_ERROR;
				CLANG_WARN_RANGE_LOOP_ANALYSIS = YES;
				CLANG_WARN_STRICT_PROTOTYPES = YES;
				CLANG_WARN_SUSPICIOUS_MOVE = YES;
				CLANG_WARN_UNGUARDED_AVAILABILITY = YES_AGGRESSIVE;
				CLANG_WARN_UNREACHABLE_CODE = YES;
				CLANG_WARN__DUPLICATE_METHOD_MATCH = YES;
				CODE_SIGN_IDENTITY = "iPhone Developer";
				COPY_PHASE_STRIP = NO;
				DEBUG_INFORMATION_FORMAT = dwarf;
				ENABLE_STRICT_OBJC_MSGSEND = YES;
				ENABLE_TESTABILITY = YES;
				GCC_C_LANGUAGE_STANDARD = gnu11;
				GCC_DYNAMIC_NO_PIC = NO;
				GCC_NO_COMMON_BLOCKS = YES;
				GCC_OPTIMIZATION_LEVEL = 0;
				GCC_PREPROCESSOR_DEFINITIONS = (
					"DEBUG=1",
					"$(inherited)",
				);
				GCC_WARN_64_TO_32_BIT_CONVERSION = YES;
				GCC_WARN_ABOUT_RETURN_TYPE = YES_ERROR;
				GCC_WARN_UNDECLARED_SELECTOR = YES;
				GCC_WARN_UNINITIALIZED_AUTOS = YES_AGGRESSIVE;
				GCC_WARN_UNUSED_FUNCTION = YES;
				GCC_WARN_UNUSED_VARIABLE = YES;
				IPHONEOS_DEPLOYMENT_TARGET = 11.1;
				MTL_ENABLE_DEBUG_INFO = YES;
				ONLY_ACTIVE_ARCH = YES;
				SDKROOT = iphoneos;
				SWIFT_ACTIVE_COMPILATION_CONDITIONS = DEBUG;
				SWIFT_OPTIMIZATION_LEVEL = "-Onone";
			};
			name = Debug;
		};
		65AD2B0B200220E300567F60 /* Release */ = {
			isa = XCBuildConfiguration;
			buildSettings = {
				ALWAYS_SEARCH_USER_PATHS = NO;
				CLANG_ANALYZER_NONNULL = YES;
				CLANG_ANALYZER_NUMBER_OBJECT_CONVERSION = YES_AGGRESSIVE;
				CLANG_CXX_LANGUAGE_STANDARD = "gnu++14";
				CLANG_CXX_LIBRARY = "libc++";
				CLANG_ENABLE_MODULES = YES;
				CLANG_ENABLE_OBJC_ARC = YES;
				CLANG_WARN_BLOCK_CAPTURE_AUTORELEASING = YES;
				CLANG_WARN_BOOL_CONVERSION = YES;
				CLANG_WARN_COMMA = YES;
				CLANG_WARN_CONSTANT_CONVERSION = YES;
				CLANG_WARN_DIRECT_OBJC_ISA_USAGE = YES_ERROR;
				CLANG_WARN_DOCUMENTATION_COMMENTS = YES;
				CLANG_WARN_EMPTY_BODY = YES;
				CLANG_WARN_ENUM_CONVERSION = YES;
				CLANG_WARN_INFINITE_RECURSION = YES;
				CLANG_WARN_INT_CONVERSION = YES;
				CLANG_WARN_NON_LITERAL_NULL_CONVERSION = YES;
				CLANG_WARN_OBJC_LITERAL_CONVERSION = YES;
				CLANG_WARN_OBJC_ROOT_CLASS = YES_ERROR;
				CLANG_WARN_RANGE_LOOP_ANALYSIS = YES;
				CLANG_WARN_STRICT_PROTOTYPES = YES;
				CLANG_WARN_SUSPICIOUS_MOVE = YES;
				CLANG_WARN_UNGUARDED_AVAILABILITY = YES_AGGRESSIVE;
				CLANG_WARN_UNREACHABLE_CODE = YES;
				CLANG_WARN__DUPLICATE_METHOD_MATCH = YES;
				CODE_SIGN_IDENTITY = "iPhone Developer";
				COPY_PHASE_STRIP = NO;
				DEBUG_INFORMATION_FORMAT = "dwarf-with-dsym";
				ENABLE_NS_ASSERTIONS = NO;
				ENABLE_STRICT_OBJC_MSGSEND = YES;
				GCC_C_LANGUAGE_STANDARD = gnu11;
				GCC_NO_COMMON_BLOCKS = YES;
				GCC_WARN_64_TO_32_BIT_CONVERSION = YES;
				GCC_WARN_ABOUT_RETURN_TYPE = YES_ERROR;
				GCC_WARN_UNDECLARED_SELECTOR = YES;
				GCC_WARN_UNINITIALIZED_AUTOS = YES_AGGRESSIVE;
				GCC_WARN_UNUSED_FUNCTION = YES;
				GCC_WARN_UNUSED_VARIABLE = YES;
				IPHONEOS_DEPLOYMENT_TARGET = 11.1;
				MTL_ENABLE_DEBUG_INFO = NO;
				SDKROOT = iphoneos;
				SWIFT_OPTIMIZATION_LEVEL = "-Owholemodule";
				VALIDATE_PRODUCT = YES;
			};
			name = Release;
		};
		65AD2B0D200220E300567F60 /* Debug */ = {
			isa = XCBuildConfiguration;
			buildSettings = {
				ASSETCATALOG_COMPILER_APPICON_NAME = AppIcon;
				CODE_SIGN_STYLE = Automatic;
				DEVELOPMENT_TEAM = 55SADH7J8W;
				INFOPLIST_FILE = ClassicMovies/Info.plist;
				LD_RUNPATH_SEARCH_PATHS = "$(inherited) @executable_path/Frameworks";
				PRODUCT_BUNDLE_IDENTIFIER = AdithyaReddy.ClassicMovies;
				PRODUCT_NAME = "$(TARGET_NAME)";
				SWIFT_VERSION = 4.0;
				TARGETED_DEVICE_FAMILY = "1,2";
			};
			name = Debug;
		};
		65AD2B0E200220E300567F60 /* Release */ = {
			isa = XCBuildConfiguration;
			buildSettings = {
				ASSETCATALOG_COMPILER_APPICON_NAME = AppIcon;
				CODE_SIGN_STYLE = Automatic;
				DEVELOPMENT_TEAM = 55SADH7J8W;
				INFOPLIST_FILE = ClassicMovies/Info.plist;
				LD_RUNPATH_SEARCH_PATHS = "$(inherited) @executable_path/Frameworks";
				PRODUCT_BUNDLE_IDENTIFIER = AdithyaReddy.ClassicMovies;
				PRODUCT_NAME = "$(TARGET_NAME)";
				SWIFT_VERSION = 4.0;
				TARGETED_DEVICE_FAMILY = "1,2";
			};
			name = Release;
		};
/* End XCBuildConfiguration section */

/* Begin XCConfigurationList section */
		65AD2AF2200220E300567F60 /* Build configuration list for PBXProject "ClassicMovies" */ = {
			isa = XCConfigurationList;
			buildConfigurations = (
				65AD2B0A200220E300567F60 /* Debug */,
				65AD2B0B200220E300567F60 /* Release */,
			);
			defaultConfigurationIsVisible = 0;
			defaultConfigurationName = Release;
		};
		65AD2B0C200220E300567F60 /* Build configuration list for PBXNativeTarget "ClassicMovies" */ = {
			isa = XCConfigurationList;
			buildConfigurations = (
				65AD2B0D200220E300567F60 /* Debug */,
				65AD2B0E200220E300567F60 /* Release */,
			);
			defaultConfigurationIsVisible = 0;
			defaultConfigurationName = Release;
		};
/* End XCConfigurationList section */

/* Begin XCVersionGroup section */
		65AD2B01200220E300567F60 /* ClassicMovies.xcdatamodeld */ = {
			isa = XCVersionGroup;
			children = (
				65AD2B02200220E300567F60 /* ClassicMovies.xcdatamodel */,
			);
			currentVersion = 65AD2B02200220E300567F60 /* ClassicMovies.xcdatamodel */;
			path = ClassicMovies.xcdatamodeld;
			sourceTree = "<group>";
			versionGroupType = wrapper.xcdatamodel;
		};
/* End XCVersionGroup section */
	};
	rootObject = 65AD2AEF200220E300567F60 /* Project object */;
}
